
Microsoft Visual Studio Solution File, Format Version 12.00
# Visual Studio 15
VisualStudioVersion = 15.0.26430.16
MinimumVisualStudioVersion = 10.0.40219.1
Project("{FAE04EC0-301F-11D3-BF4B-00C04F79EFBC}") = "Library", "Library\Library.csproj", "{D19B6C52-00AA-4C91-80A4-B1E84797AB03}"
EndProject
Project("{FAE04EC0-301F-11D3-BF4B-00C04F79EFBC}") = "TestingRollDiceNet", "TestingRollDiceNet\TestingRollDiceNet.csproj", "{7995BCB3-8088-409F-B9AB-3C8F28026ED2}"
EndProject
Project("{FAE04EC0-301F-11D3-BF4B-00C04F79EFBC}") = "Driver", "Driver\Driver.csproj", "{7008598A-805B-4B68-A0E1-767F440E1C30}"
EndProject
Global
	GlobalSection(SolutionConfigurationPlatforms) = preSolution
		Debug|Any CPU = Debug|Any CPU
		Release|Any CPU = Release|Any CPU
	EndGlobalSection
	GlobalSection(ProjectConfigurationPlatforms) = postSolution
		{D19B6C52-00AA-4C91-80A4-B1E84797AB03}.Debug|Any CPU.ActiveCfg = Debug|Any CPU
		{D19B6C52-00AA-4C91-80A4-B1E84797AB03}.Debug|Any CPU.Build.0 = Debug|Any CPU
		{D19B6C52-00AA-4C91-80A4-B1E84797AB03}.Release|Any CPU.ActiveCfg = Release|Any CPU
		{D19B6C52-00AA-4C91-80A4-B1E84797AB03}.Release|Any CPU.Build.0 = Release|Any CPU
		{7995BCB3-8088-409F-B9AB-3C8F28026ED2}.Debug|Any CPU.ActiveCfg = Debug|Any CPU
		{7995BCB3-8088-409F-B9AB-3C8F28026ED2}.Debug|Any CPU.Build.0 = Debug|Any CPU
		{7995BCB3-8088-409F-B9AB-3C8F28026ED2}.Release|Any CPU.ActiveCfg = Release|Any CPU
		{7995BCB3-8088-409F-B9AB-3C8F28026ED2}.Release|Any CPU.Build.0 = Release|Any CPU
		{7008598A-805B-4B68-A0E1-767F440E1C30}.Debug|Any CPU.ActiveCfg = Debug|Any CPU
		{7008598A-805B-4B68-A0E1-767F440E1C30}.Debug|Any CPU.Build.0 = Debug|Any CPU
		{7008598A-805B-4B68-A0E1-767F440E1C30}.Release|Any CPU.ActiveCfg = Release|Any CPU
		{7008598A-805B-4B68-A0E1-767F440E1C30}.Release|Any CPU.Build.0 = Release|Any CPU
	EndGlobalSection
	GlobalSection(SolutionProperties) = preSolution
		HideSolutionNode = FALSE
	EndGlobalSection
EndGlobal
